
Microsoft Visual Studio Solution File, Format Version 12.00
# Visual Studio 14
VisualStudioVersion = 14.0.24720.0
MinimumVisualStudioVersion = 10.0.40219.1
Project("{2150E333-8FDC-42A3-9474-1A3956D46DE8}") = "Solution Items", "Solution Items", "{1A88E24E-B33A-4FA1-8545-FD3D3183AE65}"
	ProjectSection(SolutionItems) = preProject
		stickmovements.css = stickmovements.css
	EndProjectSection
EndProject
Project("{2150E333-8FDC-42A3-9474-1A3956D46DE8}") = "images", "images", "{46688CEF-0A08-46CF-96DE-2D551433F347}"
EndProject
Global
	GlobalSection(SolutionProperties) = preSolution
		HideSolutionNode = FALSE
	EndGlobalSection
	GlobalSection(NestedProjects) = preSolution
		{46688CEF-0A08-46CF-96DE-2D551433F347} = {1A88E24E-B33A-4FA1-8545-FD3D3183AE65}
	EndGlobalSection
EndGlobal
